
Microsoft Visual Studio Solution File, Format Version 12.00
# Visual Studio Version 16
VisualStudioVersion = 16.0.34407.143
MinimumVisualStudioVersion = 10.0.40219.1
Project("{FAE04EC0-301F-11D3-BF4B-00C04F79EFBC}") = "Zelinsky_labs", "Zelinsky_labs\Zelinsky_labs.csproj", "{574F2EBB-7DE0-4185-AE78-C1D9F7C006B0}"
EndProject
Global
	GlobalSection(SolutionConfigurationPlatforms) = preSolution
		Debug|Any CPU = Debug|Any CPU
		Release|Any CPU = Release|Any CPU
	EndGlobalSection
	GlobalSection(ProjectConfigurationPlatforms) = postSolution
		{574F2EBB-7DE0-4185-AE78-C1D9F7C006B0}.Debug|Any CPU.ActiveCfg = Debug|Any CPU
		{574F2EBB-7DE0-4185-AE78-C1D9F7C006B0}.Debug|Any CPU.Build.0 = Debug|Any CPU
		{574F2EBB-7DE0-4185-AE78-C1D9F7C006B0}.Release|Any CPU.ActiveCfg = Release|Any CPU
		{574F2EBB-7DE0-4185-AE78-C1D9F7C006B0}.Release|Any CPU.Build.0 = Release|Any CPU
	EndGlobalSection
	GlobalSection(SolutionProperties) = preSolution
		HideSolutionNode = FALSE
	EndGlobalSection
	GlobalSection(ExtensibilityGlobals) = postSolution
		SolutionGuid = {DEFDED52-F320-4BE3-A2CB-105A7A63B19C}
	EndGlobalSection
EndGlobal
